// !$*UTF8*$!
{
	archiveVersion = 1;
	classes = {
	};
	objectVersion = 50;
	objects = {

/* Begin PBXBuildFile section */
		40B459DE22EA2F95916BF004 /* Pods_Weather.framework in Frameworks */ = {isa = PBXBuildFile; fileRef = A679566936C80CB2863828D7 /* Pods_Weather.framework */; };
		F03EC0A224C6089000574FF8 /* AppDelegate.swift in Sources */ = {isa = PBXBuildFile; fileRef = F03EC0A124C6089000574FF8 /* AppDelegate.swift */; };
		F03EC0A424C6089000574FF8 /* SceneDelegate.swift in Sources */ = {isa = PBXBuildFile; fileRef = F03EC0A324C6089000574FF8 /* SceneDelegate.swift */; };
		F03EC0A624C6089000574FF8 /* ViewController.swift in Sources */ = {isa = PBXBuildFile; fileRef = F03EC0A524C6089000574FF8 /* ViewController.swift */; };
		F03EC0A924C6089000574FF8 /* Main.storyboard in Resources */ = {isa = PBXBuildFile; fileRef = F03EC0A724C6089000574FF8 /* Main.storyboard */; };
		F03EC0AC24C6089000574FF8 /* Weather.xcdatamodeld in Sources */ = {isa = PBXBuildFile; fileRef = F03EC0AA24C6089000574FF8 /* Weather.xcdatamodeld */; };
		F03EC0AE24C6089500574FF8 /* Assets.xcassets in Resources */ = {isa = PBXBuildFile; fileRef = F03EC0AD24C6089500574FF8 /* Assets.xcassets */; };
		F03EC0B124C6089500574FF8 /* LaunchScreen.storyboard in Resources */ = {isa = PBXBuildFile; fileRef = F03EC0AF24C6089500574FF8 /* LaunchScreen.storyboard */; };
		F03EC0BC24C6089600574FF8 /* WeatherTests.swift in Sources */ = {isa = PBXBuildFile; fileRef = F03EC0BB24C6089600574FF8 /* WeatherTests.swift */; };
		F03EC0C724C6089600574FF8 /* WeatherUITests.swift in Sources */ = {isa = PBXBuildFile; fileRef = F03EC0C624C6089600574FF8 /* WeatherUITests.swift */; };
/* End PBXBuildFile section */

/* Begin PBXContainerItemProxy section */
		F03EC0B824C6089600574FF8 /* PBXContainerItemProxy */ = {
			isa = PBXContainerItemProxy;
			containerPortal = F03EC09624C6089000574FF8 /* Project object */;
			proxyType = 1;
			remoteGlobalIDString = F03EC09D24C6089000574FF8;
			remoteInfo = Weather;
		};
		F03EC0C324C6089600574FF8 /* PBXContainerItemProxy */ = {
			isa = PBXContainerItemProxy;
			containerPortal = F03EC09624C6089000574FF8 /* Project object */;
			proxyType = 1;
			remoteGlobalIDString = F03EC09D24C6089000574FF8;
			remoteInfo = Weather;
		};
/* End PBXContainerItemProxy section */

/* Begin PBXFileReference section */
		0450F154300D0AA423D5824C /* Pods-Weather.debug.xcconfig */ = {isa = PBXFileReference; includeInIndex = 1; lastKnownFileType = text.xcconfig; name = "Pods-Weather.debug.xcconfig"; path = "Target Support Files/Pods-Weather/Pods-Weather.debug.xcconfig"; sourceTree = "<group>"; };
		49F81A7E215485BA774A2993 /* Pods-Weather.release.xcconfig */ = {isa = PBXFileReference; includeInIndex = 1; lastKnownFileType = text.xcconfig; name = "Pods-Weather.release.xcconfig"; path = "Target Support Files/Pods-Weather/Pods-Weather.release.xcconfig"; sourceTree = "<group>"; };
		A679566936C80CB2863828D7 /* Pods_Weather.framework */ = {isa = PBXFileReference; explicitFileType = wrapper.framework; includeInIndex = 0; path = Pods_Weather.framework; sourceTree = BUILT_PRODUCTS_DIR; };
		F03EC09E24C6089000574FF8 /* Weather.app */ = {isa = PBXFileReference; explicitFileType = wrapper.application; includeInIndex = 0; path = Weather.app; sourceTree = BUILT_PRODUCTS_DIR; };
		F03EC0A124C6089000574FF8 /* AppDelegate.swift */ = {isa = PBXFileReference; lastKnownFileType = sourcecode.swift; path = AppDelegate.swift; sourceTree = "<group>"; };
		F03EC0A324C6089000574FF8 /* SceneDelegate.swift */ = {isa = PBXFileReference; lastKnownFileType = sourcecode.swift; path = SceneDelegate.swift; sourceTree = "<group>"; };
		F03EC0A524C6089000574FF8 /* ViewController.swift */ = {isa = PBXFileReference; lastKnownFileType = sourcecode.swift; path = ViewController.swift; sourceTree = "<group>"; };
		F03EC0A824C6089000574FF8 /* Base */ = {isa = PBXFileReference; lastKnownFileType = file.storyboard; name = Base; path = Base.lproj/Main.storyboard; sourceTree = "<group>"; };
		F03EC0AB24C6089000574FF8 /* Weather.xcdatamodel */ = {isa = PBXFileReference; lastKnownFileType = wrapper.xcdatamodel; path = Weather.xcdatamodel; sourceTree = "<group>"; };
		F03EC0AD24C6089500574FF8 /* Assets.xcassets */ = {isa = PBXFileReference; lastKnownFileType = folder.assetcatalog; path = Assets.xcassets; sourceTree = "<group>"; };
		F03EC0B024C6089500574FF8 /* Base */ = {isa = PBXFileReference; lastKnownFileType = file.storyboard; name = Base; path = Base.lproj/LaunchScreen.storyboard; sourceTree = "<group>"; };
		F03EC0B224C6089500574FF8 /* Info.plist */ = {isa = PBXFileReference; lastKnownFileType = text.plist.xml; path = Info.plist; sourceTree = "<group>"; };
		F03EC0B724C6089600574FF8 /* WeatherTests.xctest */ = {isa = PBXFileReference; explicitFileType = wrapper.cfbundle; includeInIndex = 0; path = WeatherTests.xctest; sourceTree = BUILT_PRODUCTS_DIR; };
		F03EC0BB24C6089600574FF8 /* WeatherTests.swift */ = {isa = PBXFileReference; lastKnownFileType = sourcecode.swift; path = WeatherTests.swift; sourceTree = "<group>"; };
		F03EC0BD24C6089600574FF8 /* Info.plist */ = {isa = PBXFileReference; lastKnownFileType = text.plist.xml; path = Info.plist; sourceTree = "<group>"; };
		F03EC0C224C6089600574FF8 /* WeatherUITests.xctest */ = {isa = PBXFileReference; explicitFileType = wrapper.cfbundle; includeInIndex = 0; path = WeatherUITests.xctest; sourceTree = BUILT_PRODUCTS_DIR; };
		F03EC0C624C6089600574FF8 /* WeatherUITests.swift */ = {isa = PBXFileReference; lastKnownFileType = sourcecode.swift; path = WeatherUITests.swift; sourceTree = "<group>"; };
		F03EC0C824C6089600574FF8 /* Info.plist */ = {isa = PBXFileReference; lastKnownFileType = text.plist.xml; path = Info.plist; sourceTree = "<group>"; };
/* End PBXFileReference section */

/* Begin PBXFrameworksBuildPhase section */
		F03EC09B24C6089000574FF8 /* Frameworks */ = {
			isa = PBXFrameworksBuildPhase;
			buildActionMask = 2147483647;
			files = (
				40B459DE22EA2F95916BF004 /* Pods_Weather.framework in Frameworks */,
			);
			runOnlyForDeploymentPostprocessing = 0;
		};
		F03EC0B424C6089600574FF8 /* Frameworks */ = {
			isa = PBXFrameworksBuildPhase;
			buildActionMask = 2147483647;
			files = (
			);
			runOnlyForDeploymentPostprocessing = 0;
		};
		F03EC0BF24C6089600574FF8 /* Frameworks */ = {
			isa = PBXFrameworksBuildPhase;
			buildActionMask = 2147483647;
			files = (
			);
			runOnlyForDeploymentPostprocessing = 0;
		};
/* End PBXFrameworksBuildPhase section */

/* Begin PBXGroup section */
		69DAD022FCCD109C3B5EA1FA /* Frameworks */ = {
			isa = PBXGroup;
			children = (
				A679566936C80CB2863828D7 /* Pods_Weather.framework */,
			);
			name = Frameworks;
			sourceTree = "<group>";
		};
		6B18B704CB7F686FC5AAD520 /* Pods */ = {
			isa = PBXGroup;
			children = (
				0450F154300D0AA423D5824C /* Pods-Weather.debug.xcconfig */,
				49F81A7E215485BA774A2993 /* Pods-Weather.release.xcconfig */,
			);
			name = Pods;
			path = Pods;
			sourceTree = "<group>";
		};
		F03EC09524C6089000574FF8 = {
			isa = PBXGroup;
			children = (
				F03EC0A024C6089000574FF8 /* Weather */,
				F03EC0BA24C6089600574FF8 /* WeatherTests */,
				F03EC0C524C6089600574FF8 /* WeatherUITests */,
				F03EC09F24C6089000574FF8 /* Products */,
				6B18B704CB7F686FC5AAD520 /* Pods */,
				69DAD022FCCD109C3B5EA1FA /* Frameworks */,
			);
			sourceTree = "<group>";
		};
		F03EC09F24C6089000574FF8 /* Products */ = {
			isa = PBXGroup;
			children = (
				F03EC09E24C6089000574FF8 /* Weather.app */,
				F03EC0B724C6089600574FF8 /* WeatherTests.xctest */,
				F03EC0C224C6089600574FF8 /* WeatherUITests.xctest */,
			);
			name = Products;
			sourceTree = "<group>";
		};
		F03EC0A024C6089000574FF8 /* Weather */ = {
			isa = PBXGroup;
			children = (
				F03EC0A124C6089000574FF8 /* AppDelegate.swift */,
				F03EC0A324C6089000574FF8 /* SceneDelegate.swift */,
				F03EC0A524C6089000574FF8 /* ViewController.swift */,
				F03EC0A724C6089000574FF8 /* Main.storyboard */,
				F03EC0AD24C6089500574FF8 /* Assets.xcassets */,
				F03EC0AF24C6089500574FF8 /* LaunchScreen.storyboard */,
				F03EC0B224C6089500574FF8 /* Info.plist */,
				F03EC0AA24C6089000574FF8 /* Weather.xcdatamodeld */,
			);
			path = Weather;
			sourceTree = "<group>";
		};
		F03EC0BA24C6089600574FF8 /* WeatherTests */ = {
			isa = PBXGroup;
			children = (
				F03EC0BB24C6089600574FF8 /* WeatherTests.swift */,
				F03EC0BD24C6089600574FF8 /* Info.plist */,
			);
			path = WeatherTests;
			sourceTree = "<group>";
		};
		F03EC0C524C6089600574FF8 /* WeatherUITests */ = {
			isa = PBXGroup;
			children = (
				F03EC0C624C6089600574FF8 /* WeatherUITests.swift */,
				F03EC0C824C6089600574FF8 /* Info.plist */,
			);
			path = WeatherUITests;
			sourceTree = "<group>";
		};
/* End PBXGroup section */

/* Begin PBXNativeTarget section */
		F03EC09D24C6089000574FF8 /* Weather */ = {
			isa = PBXNativeTarget;
			buildConfigurationList = F03EC0CB24C6089600574FF8 /* Build configuration list for PBXNativeTarget "Weather" */;
			buildPhases = (
				60F2855027B9B27DF4197755 /* [CP] Check Pods Manifest.lock */,
				F03EC09A24C6089000574FF8 /* Sources */,
				F03EC09B24C6089000574FF8 /* Frameworks */,
				F03EC09C24C6089000574FF8 /* Resources */,
				F7202263383BFBEAB7F6E45E /* [CP] Embed Pods Frameworks */,
			);
			buildRules = (
			);
			dependencies = (
			);
			name = Weather;
			productName = Weather;
			productReference = F03EC09E24C6089000574FF8 /* Weather.app */;
			productType = "com.apple.product-type.application";
		};
		F03EC0B624C6089600574FF8 /* WeatherTests */ = {
			isa = PBXNativeTarget;
			buildConfigurationList = F03EC0CE24C6089600574FF8 /* Build configuration list for PBXNativeTarget "WeatherTests" */;
			buildPhases = (
				F03EC0B324C6089600574FF8 /* Sources */,
				F03EC0B424C6089600574FF8 /* Frameworks */,
				F03EC0B524C6089600574FF8 /* Resources */,
			);
			buildRules = (
			);
			dependencies = (
				F03EC0B924C6089600574FF8 /* PBXTargetDependency */,
			);
			name = WeatherTests;
			productName = WeatherTests;
			productReference = F03EC0B724C6089600574FF8 /* WeatherTests.xctest */;
			productType = "com.apple.product-type.bundle.unit-test";
		};
		F03EC0C124C6089600574FF8 /* WeatherUITests */ = {
			isa = PBXNativeTarget;
			buildConfigurationList = F03EC0D124C6089600574FF8 /* Build configuration list for PBXNativeTarget "WeatherUITests" */;
			buildPhases = (
				F03EC0BE24C6089600574FF8 /* Sources */,
				F03EC0BF24C6089600574FF8 /* Frameworks */,
				F03EC0C024C6089600574FF8 /* Resources */,
			);
			buildRules = (
			);
			dependencies = (
				F03EC0C424C6089600574FF8 /* PBXTargetDependency */,
			);
			name = WeatherUITests;
			productName = WeatherUITests;
			productReference = F03EC0C224C6089600574FF8 /* WeatherUITests.xctest */;
			productType = "com.apple.product-type.bundle.ui-testing";
		};
/* End PBXNativeTarget section */

/* Begin PBXProject section */
		F03EC09624C6089000574FF8 /* Project object */ = {
			isa = PBXProject;
			attributes = {
				LastSwiftUpdateCheck = 1160;
				LastUpgradeCheck = 1160;
				ORGANIZATIONNAME = "ВТБ Юниор iOS";
				TargetAttributes = {
					F03EC09D24C6089000574FF8 = {
						CreatedOnToolsVersion = 11.6;
					};
					F03EC0B624C6089600574FF8 = {
						CreatedOnToolsVersion = 11.6;
						TestTargetID = F03EC09D24C6089000574FF8;
					};
					F03EC0C124C6089600574FF8 = {
						CreatedOnToolsVersion = 11.6;
						TestTargetID = F03EC09D24C6089000574FF8;
					};
				};
			};
			buildConfigurationList = F03EC09924C6089000574FF8 /* Build configuration list for PBXProject "Weather" */;
			compatibilityVersion = "Xcode 9.3";
			developmentRegion = en;
			hasScannedForEncodings = 0;
			knownRegions = (
				en,
				Base,
			);
			mainGroup = F03EC09524C6089000574FF8;
			productRefGroup = F03EC09F24C6089000574FF8 /* Products */;
			projectDirPath = "";
			projectRoot = "";
			targets = (
				F03EC09D24C6089000574FF8 /* Weather */,
				F03EC0B624C6089600574FF8 /* WeatherTests */,
				F03EC0C124C6089600574FF8 /* WeatherUITests */,
			);
		};
/* End PBXProject section */

/* Begin PBXResourcesBuildPhase section */
		F03EC09C24C6089000574FF8 /* Resources */ = {
			isa = PBXResourcesBuildPhase;
			buildActionMask = 2147483647;
			files = (
				F03EC0B124C6089500574FF8 /* LaunchScreen.storyboard in Resources */,
				F03EC0AE24C6089500574FF8 /* Assets.xcassets in Resources */,
				F03EC0A924C6089000574FF8 /* Main.storyboard in Resources */,
			);
			runOnlyForDeploymentPostprocessing = 0;
		};
		F03EC0B524C6089600574FF8 /* Resources */ = {
			isa = PBXResourcesBuildPhase;
			buildActionMask = 2147483647;
			files = (
			);
			runOnlyForDeploymentPostprocessing = 0;
		};
		F03EC0C024C6089600574FF8 /* Resources */ = {
			isa = PBXResourcesBuildPhase;
			buildActionMask = 2147483647;
			files = (
			);
			runOnlyForDeploymentPostprocessing = 0;
		};
/* End PBXResourcesBuildPhase section */

/* Begin PBXShellScriptBuildPhase section */
		60F2855027B9B27DF4197755 /* [CP] Check Pods Manifest.lock */ = {
			isa = PBXShellScriptBuildPhase;
			buildActionMask = 2147483647;
			files = (
			);
			inputFileListPaths = (
			);
			inputPaths = (
				"${PODS_PODFILE_DIR_PATH}/Podfile.lock",
				"${PODS_ROOT}/Manifest.lock",
			);
			name = "[CP] Check Pods Manifest.lock";
			outputFileListPaths = (
			);
			outputPaths = (
				"$(DERIVED_FILE_DIR)/Pods-Weather-checkManifestLockResult.txt",
			);
			runOnlyForDeploymentPostprocessing = 0;
			shellPath = /bin/sh;
			shellScript = "diff \"${PODS_PODFILE_DIR_PATH}/Podfile.lock\" \"${PODS_ROOT}/Manifest.lock\" > /dev/null\nif [ $? != 0 ] ; then\n    # print error to STDERR\n    echo \"error: The sandbox is not in sync with the Podfile.lock. Run 'pod install' or update your CocoaPods installation.\" >&2\n    exit 1\nfi\n# This output is used by Xcode 'outputs' to avoid re-running this script phase.\necho \"SUCCESS\" > \"${SCRIPT_OUTPUT_FILE_0}\"\n";
			showEnvVarsInLog = 0;
		};
		F7202263383BFBEAB7F6E45E /* [CP] Embed Pods Frameworks */ = {
			isa = PBXShellScriptBuildPhase;
			buildActionMask = 2147483647;
			files = (
			);
			inputFileListPaths = (
				"${PODS_ROOT}/Target Support Files/Pods-Weather/Pods-Weather-frameworks-${CONFIGURATION}-input-files.xcfilelist",
			);
			name = "[CP] Embed Pods Frameworks";
			outputFileListPaths = (
				"${PODS_ROOT}/Target Support Files/Pods-Weather/Pods-Weather-frameworks-${CONFIGURATION}-output-files.xcfilelist",
			);
			runOnlyForDeploymentPostprocessing = 0;
			shellPath = /bin/sh;
			shellScript = "\"${PODS_ROOT}/Target Support Files/Pods-Weather/Pods-Weather-frameworks.sh\"\n";
			showEnvVarsInLog = 0;
		};
/* End PBXShellScriptBuildPhase section */

/* Begin PBXSourcesBuildPhase section */
		F03EC09A24C6089000574FF8 /* Sources */ = {
			isa = PBXSourcesBuildPhase;
			buildActionMask = 2147483647;
			files = (
				F03EC0AC24C6089000574FF8 /* Weather.xcdatamodeld in Sources */,
				F03EC0A624C6089000574FF8 /* ViewController.swift in Sources */,
				F03EC0A224C6089000574FF8 /* AppDelegate.swift in Sources */,
				F03EC0A424C6089000574FF8 /* SceneDelegate.swift in Sources */,
			);
			runOnlyForDeploymentPostprocessing = 0;
		};
		F03EC0B324C6089600574FF8 /* Sources */ = {
			isa = PBXSourcesBuildPhase;
			buildActionMask = 2147483647;
			files = (
				F03EC0BC24C6089600574FF8 /* WeatherTests.swift in Sources */,
			);
			runOnlyForDeploymentPostprocessing = 0;
		};
		F03EC0BE24C6089600574FF8 /* Sources */ = {
			isa = PBXSourcesBuildPhase;
			buildActionMask = 2147483647;
			files = (
				F03EC0C724C6089600574FF8 /* WeatherUITests.swift in Sources */,
			);
			runOnlyForDeploymentPostprocessing = 0;
		};
/* End PBXSourcesBuildPhase section */

/* Begin PBXTargetDependency section */
		F03EC0B924C6089600574FF8 /* PBXTargetDependency */ = {
			isa = PBXTargetDependency;
			target = F03EC09D24C6089000574FF8 /* Weather */;
			targetProxy = F03EC0B824C6089600574FF8 /* PBXContainerItemProxy */;
		};
		F03EC0C424C6089600574FF8 /* PBXTargetDependency */ = {
			isa = PBXTargetDependency;
			target = F03EC09D24C6089000574FF8 /* Weather */;
			targetProxy = F03EC0C324C6089600574FF8 /* PBXContainerItemProxy */;
		};
/* End PBXTargetDependency section */

/* Begin PBXVariantGroup section */
		F03EC0A724C6089000574FF8 /* Main.storyboard */ = {
			isa = PBXVariantGroup;
			children = (
				F03EC0A824C6089000574FF8 /* Base */,
			);
			name = Main.storyboard;
			sourceTree = "<group>";
		};
		F03EC0AF24C6089500574FF8 /* LaunchScreen.storyboard */ = {
			isa = PBXVariantGroup;
			children = (
				F03EC0B024C6089500574FF8 /* Base */,
			);
			name = LaunchScreen.storyboard;
			sourceTree = "<group>";
		};
/* End PBXVariantGroup section */

/* Begin XCBuildConfiguration section */
		F03EC0C924C6089600574FF8 /* Debug */ = {
			isa = XCBuildConfiguration;
			buildSettings = {
				ALWAYS_SEARCH_USER_PATHS = NO;
				CLANG_ANALYZER_NONNULL = YES;
				CLANG_ANALYZER_NUMBER_OBJECT_CONVERSION = YES_AGGRESSIVE;
				CLANG_CXX_LANGUAGE_STANDARD = "gnu++14";
				CLANG_CXX_LIBRARY = "libc++";
				CLANG_ENABLE_MODULES = YES;
				CLANG_ENABLE_OBJC_ARC = YES;
				CLANG_ENABLE_OBJC_WEAK = YES;
				CLANG_WARN_BLOCK_CAPTURE_AUTORELEASING = YES;
				CLANG_WARN_BOOL_CONVERSION = YES;
				CLANG_WARN_COMMA = YES;
				CLANG_WARN_CONSTANT_CONVERSION = YES;
				CLANG_WARN_DEPRECATED_OBJC_IMPLEMENTATIONS = YES;
				CLANG_WARN_DIRECT_OBJC_ISA_USAGE = YES_ERROR;
				CLANG_WARN_DOCUMENTATION_COMMENTS = YES;
				CLANG_WARN_EMPTY_BODY = YES;
				CLANG_WARN_ENUM_CONVERSION = YES;
				CLANG_WARN_INFINITE_RECURSION = YES;
				CLANG_WARN_INT_CONVERSION = YES;
				CLANG_WARN_NON_LITERAL_NULL_CONVERSION = YES;
				CLANG_WARN_OBJC_IMPLICIT_RETAIN_SELF = YES;
				CLANG_WARN_OBJC_LITERAL_CONVERSION = YES;
				CLANG_WARN_OBJC_ROOT_CLASS = YES_ERROR;
				CLANG_WARN_RANGE_LOOP_ANALYSIS = YES;
				CLANG_WARN_STRICT_PROTOTYPES = YES;
				CLANG_WARN_SUSPICIOUS_MOVE = YES;
				CLANG_WARN_UNGUARDED_AVAILABILITY = YES_AGGRESSIVE;
				CLANG_WARN_UNREACHABLE_CODE = YES;
				CLANG_WARN__DUPLICATE_METHOD_MATCH = YES;
				COPY_PHASE_STRIP = NO;
				DEBUG_INFORMATION_FORMAT = dwarf;
				ENABLE_STRICT_OBJC_MSGSEND = YES;
				ENABLE_TESTABILITY = YES;
				GCC_C_LANGUAGE_STANDARD = gnu11;
				GCC_DYNAMIC_NO_PIC = NO;
				GCC_NO_COMMON_BLOCKS = YES;
				GCC_OPTIMIZATION_LEVEL = 0;
				GCC_PREPROCESSOR_DEFINITIONS = (
					"DEBUG=1",
					"$(inherited)",
				);
				GCC_WARN_64_TO_32_BIT_CONVERSION = YES;
				GCC_WARN_ABOUT_RETURN_TYPE = YES_ERROR;
				GCC_WARN_UNDECLARED_SELECTOR = YES;
				GCC_WARN_UNINITIALIZED_AUTOS = YES_AGGRESSIVE;
				GCC_WARN_UNUSED_FUNCTION = YES;
				GCC_WARN_UNUSED_VARIABLE = YES;
				IPHONEOS_DEPLOYMENT_TARGET = 13.6;
				MTL_ENABLE_DEBUG_INFO = INCLUDE_SOURCE;
				MTL_FAST_MATH = YES;
				ONLY_ACTIVE_ARCH = YES;
				SDKROOT = iphoneos;
				SWIFT_ACTIVE_COMPILATION_CONDITIONS = DEBUG;
				SWIFT_OPTIMIZATION_LEVEL = "-Onone";
			};
			name = Debug;
		};
		F03EC0CA24C6089600574FF8 /* Release */ = {
			isa = XCBuildConfiguration;
			buildSettings = {
				ALWAYS_SEARCH_USER_PATHS = NO;
				CLANG_ANALYZER_NONNULL = YES;
				CLANG_ANALYZER_NUMBER_OBJECT_CONVERSION = YES_AGGRESSIVE;
				CLANG_CXX_LANGUAGE_STANDARD = "gnu++14";
				CLANG_CXX_LIBRARY = "libc++";
				CLANG_ENABLE_MODULES = YES;
				CLANG_ENABLE_OBJC_ARC = YES;
				CLANG_ENABLE_OBJC_WEAK = YES;
				CLANG_WARN_BLOCK_CAPTURE_AUTORELEASING = YES;
				CLANG_WARN_BOOL_CONVERSION = YES;
				CLANG_WARN_COMMA = YES;
				CLANG_WARN_CONSTANT_CONVERSION = YES;
				CLANG_WARN_DEPRECATED_OBJC_IMPLEMENTATIONS = YES;
				CLANG_WARN_DIRECT_OBJC_ISA_USAGE = YES_ERROR;
				CLANG_WARN_DOCUMENTATION_COMMENTS = YES;
				CLANG_WARN_EMPTY_BODY = YES;
				CLANG_WARN_ENUM_CONVERSION = YES;
				CLANG_WARN_INFINITE_RECURSION = YES;
				CLANG_WARN_INT_CONVERSION = YES;
				CLANG_WARN_NON_LITERAL_NULL_CONVERSION = YES;
				CLANG_WARN_OBJC_IMPLICIT_RETAIN_SELF = YES;
				CLANG_WARN_OBJC_LITERAL_CONVERSION = YES;
				CLANG_WARN_OBJC_ROOT_CLASS = YES_ERROR;
				CLANG_WARN_RANGE_LOOP_ANALYSIS = YES;
				CLANG_WARN_STRICT_PROTOTYPES = YES;
				CLANG_WARN_SUSPICIOUS_MOVE = YES;
				CLANG_WARN_UNGUARDED_AVAILABILITY = YES_AGGRESSIVE;
				CLANG_WARN_UNREACHABLE_CODE = YES;
				CLANG_WARN__DUPLICATE_METHOD_MATCH = YES;
				COPY_PHASE_STRIP = NO;
				DEBUG_INFORMATION_FORMAT = "dwarf-with-dsym";
				ENABLE_NS_ASSERTIONS = NO;
				ENABLE_STRICT_OBJC_MSGSEND = YES;
				GCC_C_LANGUAGE_STANDARD = gnu11;
				GCC_NO_COMMON_BLOCKS = YES;
				GCC_WARN_64_TO_32_BIT_CONVERSION = YES;
				GCC_WARN_ABOUT_RETURN_TYPE = YES_ERROR;
				GCC_WARN_UNDECLARED_SELECTOR = YES;
				GCC_WARN_UNINITIALIZED_AUTOS = YES_AGGRESSIVE;
				GCC_WARN_UNUSED_FUNCTION = YES;
				GCC_WARN_UNUSED_VARIABLE = YES;
				IPHONEOS_DEPLOYMENT_TARGET = 13.6;
				MTL_ENABLE_DEBUG_INFO = NO;
				MTL_FAST_MATH = YES;
				SDKROOT = iphoneos;
				SWIFT_COMPILATION_MODE = wholemodule;
				SWIFT_OPTIMIZATION_LEVEL = "-O";
				VALIDATE_PRODUCT = YES;
			};
			name = Release;
		};
		F03EC0CC24C6089600574FF8 /* Debug */ = {
			isa = XCBuildConfiguration;
			baseConfigurationReference = 0450F154300D0AA423D5824C /* Pods-Weather.debug.xcconfig */;
			buildSettings = {
				ASSETCATALOG_COMPILER_APPICON_NAME = AppIcon;
				CODE_SIGN_STYLE = Automatic;
				INFOPLIST_FILE = Weather/Info.plist;
				LD_RUNPATH_SEARCH_PATHS = (
					"$(inherited)",
					"@executable_path/Frameworks",
				);
				PRODUCT_BUNDLE_IDENTIFIER = "VTB-iOS.Weather";
				PRODUCT_NAME = "$(TARGET_NAME)";
				SWIFT_VERSION = 5.0;
				TARGETED_DEVICE_FAMILY = "1,2";
			};
			name = Debug;
		};
		F03EC0CD24C6089600574FF8 /* Release */ = {
			isa = XCBuildConfiguration;
			baseConfigurationReference = 49F81A7E215485BA774A2993 /* Pods-Weather.release.xcconfig */;
			buildSettings = {
				ASSETCATALOG_COMPILER_APPICON_NAME = AppIcon;
				CODE_SIGN_STYLE = Automatic;
				INFOPLIST_FILE = Weather/Info.plist;
				LD_RUNPATH_SEARCH_PATHS = (
					"$(inherited)",
					"@executable_path/Frameworks",
				);
				PRODUCT_BUNDLE_IDENTIFIER = "VTB-iOS.Weather";
				PRODUCT_NAME = "$(TARGET_NAME)";
				SWIFT_VERSION = 5.0;
				TARGETED_DEVICE_FAMILY = "1,2";
			};
			name = Release;
		};
		F03EC0CF24C6089600574FF8 /* Debug */ = {
			isa = XCBuildConfiguration;
			buildSettings = {
				ALWAYS_EMBED_SWIFT_STANDARD_LIBRARIES = YES;
				BUNDLE_LOADER = "$(TEST_HOST)";
				CODE_SIGN_STYLE = Automatic;
				INFOPLIST_FILE = WeatherTests/Info.plist;
				IPHONEOS_DEPLOYMENT_TARGET = 13.6;
				LD_RUNPATH_SEARCH_PATHS = (
					"$(inherited)",
					"@executable_path/Frameworks",
					"@loader_path/Frameworks",
				);
				PRODUCT_BUNDLE_IDENTIFIER = "VTB-iOS.WeatherTests";
				PRODUCT_NAME = "$(TARGET_NAME)";
				SWIFT_VERSION = 5.0;
				TARGETED_DEVICE_FAMILY = "1,2";
				TEST_HOST = "$(BUILT_PRODUCTS_DIR)/Weather.app/Weather";
			};
			name = Debug;
		};
		F03EC0D024C6089600574FF8 /* Release */ = {
			isa = XCBuildConfiguration;
			buildSettings = {
				ALWAYS_EMBED_SWIFT_STANDARD_LIBRARIES = YES;
				BUNDLE_LOADER = "$(TEST_HOST)";
				CODE_SIGN_STYLE = Automatic;
				INFOPLIST_FILE = WeatherTests/Info.plist;
				IPHONEOS_DEPLOYMENT_TARGET = 13.6;
				LD_RUNPATH_SEARCH_PATHS = (
					"$(inherited)",
					"@executable_path/Frameworks",
					"@loader_path/Frameworks",
				);
				PRODUCT_BUNDLE_IDENTIFIER = "VTB-iOS.WeatherTests";
				PRODUCT_NAME = "$(TARGET_NAME)";
				SWIFT_VERSION = 5.0;
				TARGETED_DEVICE_FAMILY = "1,2";
				TEST_HOST = "$(BUILT_PRODUCTS_DIR)/Weather.app/Weather";
			};
			name = Release;
		};
		F03EC0D224C6089600574FF8 /* Debug */ = {
			isa = XCBuildConfiguration;
			buildSettings = {
				ALWAYS_EMBED_SWIFT_STANDARD_LIBRARIES = YES;
				CODE_SIGN_STYLE = Automatic;
				INFOPLIST_FILE = WeatherUITests/Info.plist;
				LD_RUNPATH_SEARCH_PATHS = (
					"$(inherited)",
					"@executable_path/Frameworks",
					"@loader_path/Frameworks",
				);
				PRODUCT_BUNDLE_IDENTIFIER = "VTB-iOS.WeatherUITests";
				PRODUCT_NAME = "$(TARGET_NAME)";
				SWIFT_VERSION = 5.0;
				TARGETED_DEVICE_FAMILY = "1,2";
				TEST_TARGET_NAME = Weather;
			};
			name = Debug;
		};
		F03EC0D324C6089600574FF8 /* Release */ = {
			isa = XCBuildConfiguration;
			buildSettings = {
				ALWAYS_EMBED_SWIFT_STANDARD_LIBRARIES = YES;
				CODE_SIGN_STYLE = Automatic;
				INFOPLIST_FILE = WeatherUITests/Info.plist;
				LD_RUNPATH_SEARCH_PATHS = (
					"$(inherited)",
					"@executable_path/Frameworks",
					"@loader_path/Frameworks",
				);
				PRODUCT_BUNDLE_IDENTIFIER = "VTB-iOS.WeatherUITests";
				PRODUCT_NAME = "$(TARGET_NAME)";
				SWIFT_VERSION = 5.0;
				TARGETED_DEVICE_FAMILY = "1,2";
				TEST_TARGET_NAME = Weather;
			};
			name = Release;
		};
/* End XCBuildConfiguration section */

/* Begin XCConfigurationList section */
		F03EC09924C6089000574FF8 /* Build configuration list for PBXProject "Weather" */ = {
			isa = XCConfigurationList;
			buildConfigurations = (
				F03EC0C924C6089600574FF8 /* Debug */,
				F03EC0CA24C6089600574FF8 /* Release */,
			);
			defaultConfigurationIsVisible = 0;
			defaultConfigurationName = Release;
		};
		F03EC0CB24C6089600574FF8 /* Build configuration list for PBXNativeTarget "Weather" */ = {
			isa = XCConfigurationList;
			buildConfigurations = (
				F03EC0CC24C6089600574FF8 /* Debug */,
				F03EC0CD24C6089600574FF8 /* Release */,
			);
			defaultConfigurationIsVisible = 0;
			defaultConfigurationName = Release;
		};
		F03EC0CE24C6089600574FF8 /* Build configuration list for PBXNativeTarget "WeatherTests" */ = {
			isa = XCConfigurationList;
			buildConfigurations = (
				F03EC0CF24C6089600574FF8 /* Debug */,
				F03EC0D024C6089600574FF8 /* Release */,
			);
			defaultConfigurationIsVisible = 0;
			defaultConfigurationName = Release;
		};
		F03EC0D124C6089600574FF8 /* Build configuration list for PBXNativeTarget "WeatherUITests" */ = {
			isa = XCConfigurationList;
			buildConfigurations = (
				F03EC0D224C6089600574FF8 /* Debug */,
				F03EC0D324C6089600574FF8 /* Release */,
			);
			defaultConfigurationIsVisible = 0;
			defaultConfigurationName = Release;
		};
/* End XCConfigurationList section */

/* Begin XCVersionGroup section */
		F03EC0AA24C6089000574FF8 /* Weather.xcdatamodeld */ = {
			isa = XCVersionGroup;
			children = (
				F03EC0AB24C6089000574FF8 /* Weather.xcdatamodel */,
			);
			currentVersion = F03EC0AB24C6089000574FF8 /* Weather.xcdatamodel */;
			path = Weather.xcdatamodeld;
			sourceTree = "<group>";
			versionGroupType = wrapper.xcdatamodel;
		};
/* End XCVersionGroup section */
	};
	rootObject = F03EC09624C6089000574FF8 /* Project object */;
}
